
Microsoft Visual Studio Solution File, Format Version 12.00
# Visual Studio Version 17
VisualStudioVersion = 17.4.33205.214
MinimumVisualStudioVersion = 10.0.40219.1
Project("{9A19103F-16F7-4668-BE54-9A1E7A4F7556}") = "CovarianceAndContraVariance", "CovarianceAndContraVariance\CovarianceAndContraVariance.csproj", "{6E02684D-8070-4FA1-801F-0B40F0380B28}"
EndProject
Project("{9A19103F-16F7-4668-BE54-9A1E7A4F7556}") = "SingletonExample", "SingletonExample\SingletonExample.csproj", "{EC2170EB-C450-492B-9FFF-96EAAFFFE7C2}"
EndProject
Project("{9A19103F-16F7-4668-BE54-9A1E7A4F7556}") = "FindMissingNum", "FindMissingNum\FindMissingNum.csproj", "{F21DA012-8105-4378-BB26-52F9B1120A8A}"
EndProject
Project("{9A19103F-16F7-4668-BE54-9A1E7A4F7556}") = "CatchAndFinallyBlock", "CatchAndFinallyBlock\CatchAndFinallyBlock.csproj", "{B68111B5-BC6D-4398-90FE-E203319ACD3E}"
EndProject
Project("{9A19103F-16F7-4668-BE54-9A1E7A4F7556}") = "StringBuilder", "StringBuilder\StringBuilder.csproj", "{6DF13A22-0CCC-4449-852B-0992552161BF}"
EndProject
Project("{9A19103F-16F7-4668-BE54-9A1E7A4F7556}") = "CastEnum", "CastEnum\CastEnum.csproj", "{B11C1C5F-FDAD-427C-9C3A-FC800D1A8088}"
EndProject
Project("{9A19103F-16F7-4668-BE54-9A1E7A4F7556}") = "CustomGenericClass", "CustomGenericClass\CustomGenericClass.csproj", "{213D49C2-C1A2-4251-97E4-3E5FA8F86E08}"
EndProject
Project("{9A19103F-16F7-4668-BE54-9A1E7A4F7556}") = "BuilderDesignPattern", "BuilderDesignPattern\BuilderDesignPattern.csproj", "{468B2A99-3E74-4C1D-8811-4AE12C95FAB6}"
EndProject
Project("{9A19103F-16F7-4668-BE54-9A1E7A4F7556}") = "ProxyDesignPattern", "ProxyDesignPattern\ProxyDesignPattern.csproj", "{E3DEE295-8151-4D8B-B6EE-9A628FF3E044}"
EndProject
Project("{9A19103F-16F7-4668-BE54-9A1E7A4F7556}") = "FactoryDesignPattern", "FactoryDesignPattern\FactoryDesignPattern.csproj", "{34A80096-617F-4B40-8131-4A031B5A2153}"
EndProject
Project("{9A19103F-16F7-4668-BE54-9A1E7A4F7556}") = "StaticClassExample", "StaticClassExample\StaticClassExample.csproj", "{5744EEA2-19C2-40E2-AA56-DFAD75A7A2B6}"
EndProject
Project("{9A19103F-16F7-4668-BE54-9A1E7A4F7556}") = "Fibonacci", "Fibonacci\Fibonacci.csproj", "{1FD94730-4D7C-4F2C-A894-7F6E447121A8}"
EndProject
Project("{9A19103F-16F7-4668-BE54-9A1E7A4F7556}") = "YieldExample", "YieldExample\YieldExample.csproj", "{B077C5B6-7DF3-4814-B0E9-7513570BE300}"
EndProject
Project("{9A19103F-16F7-4668-BE54-9A1E7A4F7556}") = "SystemTextJson", "SystemTextJson\SystemTextJson.csproj", "{684D8488-741F-489C-8A90-C5DB16900F9A}"
EndProject
Project("{9A19103F-16F7-4668-BE54-9A1E7A4F7556}") = "ICloneableExample", "ICloneableExample\ICloneableExample.csproj", "{74CC13C4-8614-4A8E-8224-A1A511A96B76}"
EndProject
Project("{FAE04EC0-301F-11D3-BF4B-00C04F79EFBC}") = "UsingStatement", "UsingStatement\UsingStatement.csproj", "{50F93EA6-3107-4443-851F-4380490BE87E}"
EndProject
Global
	GlobalSection(SolutionConfigurationPlatforms) = preSolution
		Debug|Any CPU = Debug|Any CPU
		Release|Any CPU = Release|Any CPU
	EndGlobalSection
	GlobalSection(ProjectConfigurationPlatforms) = postSolution
		{6E02684D-8070-4FA1-801F-0B40F0380B28}.Debug|Any CPU.ActiveCfg = Debug|Any CPU
		{6E02684D-8070-4FA1-801F-0B40F0380B28}.Debug|Any CPU.Build.0 = Debug|Any CPU
		{6E02684D-8070-4FA1-801F-0B40F0380B28}.Release|Any CPU.ActiveCfg = Release|Any CPU
		{6E02684D-8070-4FA1-801F-0B40F0380B28}.Release|Any CPU.Build.0 = Release|Any CPU
		{EC2170EB-C450-492B-9FFF-96EAAFFFE7C2}.Debug|Any CPU.ActiveCfg = Debug|Any CPU
		{EC2170EB-C450-492B-9FFF-96EAAFFFE7C2}.Debug|Any CPU.Build.0 = Debug|Any CPU
		{EC2170EB-C450-492B-9FFF-96EAAFFFE7C2}.Release|Any CPU.ActiveCfg = Release|Any CPU
		{EC2170EB-C450-492B-9FFF-96EAAFFFE7C2}.Release|Any CPU.Build.0 = Release|Any CPU
		{F21DA012-8105-4378-BB26-52F9B1120A8A}.Debug|Any CPU.ActiveCfg = Debug|Any CPU
		{F21DA012-8105-4378-BB26-52F9B1120A8A}.Debug|Any CPU.Build.0 = Debug|Any CPU
		{F21DA012-8105-4378-BB26-52F9B1120A8A}.Release|Any CPU.ActiveCfg = Release|Any CPU
		{F21DA012-8105-4378-BB26-52F9B1120A8A}.Release|Any CPU.Build.0 = Release|Any CPU
		{B68111B5-BC6D-4398-90FE-E203319ACD3E}.Debug|Any CPU.ActiveCfg = Debug|Any CPU
		{B68111B5-BC6D-4398-90FE-E203319ACD3E}.Debug|Any CPU.Build.0 = Debug|Any CPU
		{B68111B5-BC6D-4398-90FE-E203319ACD3E}.Release|Any CPU.ActiveCfg = Release|Any CPU
		{B68111B5-BC6D-4398-90FE-E203319ACD3E}.Release|Any CPU.Build.0 = Release|Any CPU
		{6DF13A22-0CCC-4449-852B-0992552161BF}.Debug|Any CPU.ActiveCfg = Debug|Any CPU
		{6DF13A22-0CCC-4449-852B-0992552161BF}.Debug|Any CPU.Build.0 = Debug|Any CPU
		{6DF13A22-0CCC-4449-852B-0992552161BF}.Release|Any CPU.ActiveCfg = Release|Any CPU
		{6DF13A22-0CCC-4449-852B-0992552161BF}.Release|Any CPU.Build.0 = Release|Any CPU
		{B11C1C5F-FDAD-427C-9C3A-FC800D1A8088}.Debug|Any CPU.ActiveCfg = Debug|Any CPU
		{B11C1C5F-FDAD-427C-9C3A-FC800D1A8088}.Debug|Any CPU.Build.0 = Debug|Any CPU
		{B11C1C5F-FDAD-427C-9C3A-FC800D1A8088}.Release|Any CPU.ActiveCfg = Release|Any CPU
		{B11C1C5F-FDAD-427C-9C3A-FC800D1A8088}.Release|Any CPU.Build.0 = Release|Any CPU
		{213D49C2-C1A2-4251-97E4-3E5FA8F86E08}.Debug|Any CPU.ActiveCfg = Debug|Any CPU
		{213D49C2-C1A2-4251-97E4-3E5FA8F86E08}.Debug|Any CPU.Build.0 = Debug|Any CPU
		{213D49C2-C1A2-4251-97E4-3E5FA8F86E08}.Release|Any CPU.ActiveCfg = Release|Any CPU
		{213D49C2-C1A2-4251-97E4-3E5FA8F86E08}.Release|Any CPU.Build.0 = Release|Any CPU
		{468B2A99-3E74-4C1D-8811-4AE12C95FAB6}.Debug|Any CPU.ActiveCfg = Debug|Any CPU
		{468B2A99-3E74-4C1D-8811-4AE12C95FAB6}.Debug|Any CPU.Build.0 = Debug|Any CPU
		{468B2A99-3E74-4C1D-8811-4AE12C95FAB6}.Release|Any CPU.ActiveCfg = Release|Any CPU
		{468B2A99-3E74-4C1D-8811-4AE12C95FAB6}.Release|Any CPU.Build.0 = Release|Any CPU
		{E3DEE295-8151-4D8B-B6EE-9A628FF3E044}.Debug|Any CPU.ActiveCfg = Debug|Any CPU
		{E3DEE295-8151-4D8B-B6EE-9A628FF3E044}.Debug|Any CPU.Build.0 = Debug|Any CPU
		{E3DEE295-8151-4D8B-B6EE-9A628FF3E044}.Release|Any CPU.ActiveCfg = Release|Any CPU
		{E3DEE295-8151-4D8B-B6EE-9A628FF3E044}.Release|Any CPU.Build.0 = Release|Any CPU
		{34A80096-617F-4B40-8131-4A031B5A2153}.Debug|Any CPU.ActiveCfg = Debug|Any CPU
		{34A80096-617F-4B40-8131-4A031B5A2153}.Debug|Any CPU.Build.0 = Debug|Any CPU
		{34A80096-617F-4B40-8131-4A031B5A2153}.Release|Any CPU.ActiveCfg = Release|Any CPU
		{34A80096-617F-4B40-8131-4A031B5A2153}.Release|Any CPU.Build.0 = Release|Any CPU
		{5744EEA2-19C2-40E2-AA56-DFAD75A7A2B6}.Debug|Any CPU.ActiveCfg = Debug|Any CPU
		{5744EEA2-19C2-40E2-AA56-DFAD75A7A2B6}.Debug|Any CPU.Build.0 = Debug|Any CPU
		{5744EEA2-19C2-40E2-AA56-DFAD75A7A2B6}.Release|Any CPU.ActiveCfg = Release|Any CPU
		{5744EEA2-19C2-40E2-AA56-DFAD75A7A2B6}.Release|Any CPU.Build.0 = Release|Any CPU
		{1FD94730-4D7C-4F2C-A894-7F6E447121A8}.Debug|Any CPU.ActiveCfg = Debug|Any CPU
		{1FD94730-4D7C-4F2C-A894-7F6E447121A8}.Debug|Any CPU.Build.0 = Debug|Any CPU
		{1FD94730-4D7C-4F2C-A894-7F6E447121A8}.Release|Any CPU.ActiveCfg = Release|Any CPU
		{1FD94730-4D7C-4F2C-A894-7F6E447121A8}.Release|Any CPU.Build.0 = Release|Any CPU
		{B077C5B6-7DF3-4814-B0E9-7513570BE300}.Debug|Any CPU.ActiveCfg = Debug|Any CPU
		{B077C5B6-7DF3-4814-B0E9-7513570BE300}.Debug|Any CPU.Build.0 = Debug|Any CPU
		{B077C5B6-7DF3-4814-B0E9-7513570BE300}.Release|Any CPU.ActiveCfg = Release|Any CPU
		{B077C5B6-7DF3-4814-B0E9-7513570BE300}.Release|Any CPU.Build.0 = Release|Any CPU
		{684D8488-741F-489C-8A90-C5DB16900F9A}.Debug|Any CPU.ActiveCfg = Debug|Any CPU
		{684D8488-741F-489C-8A90-C5DB16900F9A}.Debug|Any CPU.Build.0 = Debug|Any CPU
		{684D8488-741F-489C-8A90-C5DB16900F9A}.Release|Any CPU.ActiveCfg = Release|Any CPU
		{684D8488-741F-489C-8A90-C5DB16900F9A}.Release|Any CPU.Build.0 = Release|Any CPU
		{74CC13C4-8614-4A8E-8224-A1A511A96B76}.Debug|Any CPU.ActiveCfg = Debug|Any CPU
		{74CC13C4-8614-4A8E-8224-A1A511A96B76}.Debug|Any CPU.Build.0 = Debug|Any CPU
		{74CC13C4-8614-4A8E-8224-A1A511A96B76}.Release|Any CPU.ActiveCfg = Release|Any CPU
		{74CC13C4-8614-4A8E-8224-A1A511A96B76}.Release|Any CPU.Build.0 = Release|Any CPU
		{50F93EA6-3107-4443-851F-4380490BE87E}.Debug|Any CPU.ActiveCfg = Debug|Any CPU
		{50F93EA6-3107-4443-851F-4380490BE87E}.Debug|Any CPU.Build.0 = Debug|Any CPU
		{50F93EA6-3107-4443-851F-4380490BE87E}.Release|Any CPU.ActiveCfg = Release|Any CPU
		{50F93EA6-3107-4443-851F-4380490BE87E}.Release|Any CPU.Build.0 = Release|Any CPU
	EndGlobalSection
	GlobalSection(SolutionProperties) = preSolution
		HideSolutionNode = FALSE
	EndGlobalSection
	GlobalSection(ExtensibilityGlobals) = postSolution
		SolutionGuid = {83D217C8-FF90-4F2A-80EB-28FA84E43268}
	EndGlobalSection
EndGlobal
