
Microsoft Visual Studio Solution File, Format Version 12.00
# Visual Studio Version 17
VisualStudioVersion = 17.4.33205.214
MinimumVisualStudioVersion = 10.0.40219.1
Project("{9A19103F-16F7-4668-BE54-9A1E7A4F7556}") = "CovarianceAndContraVariance", "CovarianceAndContraVariance\CovarianceAndContraVariance.csproj", "{6E02684D-8070-4FA1-801F-0B40F0380B28}"
EndProject
Project("{9A19103F-16F7-4668-BE54-9A1E7A4F7556}") = "FindMissingNum", "FindMissingNum\FindMissingNum.csproj", "{F21DA012-8105-4378-BB26-52F9B1120A8A}"
EndProject
Project("{9A19103F-16F7-4668-BE54-9A1E7A4F7556}") = "CatchAndFinallyBlock", "CatchAndFinallyBlock\CatchAndFinallyBlock.csproj", "{B68111B5-BC6D-4398-90FE-E203319ACD3E}"
EndProject
Project("{9A19103F-16F7-4668-BE54-9A1E7A4F7556}") = "StringBuilder", "StringBuilder\StringBuilder.csproj", "{6DF13A22-0CCC-4449-852B-0992552161BF}"
EndProject
Project("{9A19103F-16F7-4668-BE54-9A1E7A4F7556}") = "CastEnum", "CastEnum\CastEnum.csproj", "{B11C1C5F-FDAD-427C-9C3A-FC800D1A8088}"
EndProject
Project("{9A19103F-16F7-4668-BE54-9A1E7A4F7556}") = "CustomGenericClass", "CustomGenericClass\CustomGenericClass.csproj", "{213D49C2-C1A2-4251-97E4-3E5FA8F86E08}"
EndProject
Project("{9A19103F-16F7-4668-BE54-9A1E7A4F7556}") = "StaticClassExample", "StaticClassExample\StaticClassExample.csproj", "{5744EEA2-19C2-40E2-AA56-DFAD75A7A2B6}"
EndProject
Project("{9A19103F-16F7-4668-BE54-9A1E7A4F7556}") = "Fibonacci", "Fibonacci\Fibonacci.csproj", "{1FD94730-4D7C-4F2C-A894-7F6E447121A8}"
EndProject
Project("{9A19103F-16F7-4668-BE54-9A1E7A4F7556}") = "YieldExample", "YieldExample\YieldExample.csproj", "{B077C5B6-7DF3-4814-B0E9-7513570BE300}"
EndProject
Project("{9A19103F-16F7-4668-BE54-9A1E7A4F7556}") = "SystemTextJson", "SystemTextJson\SystemTextJson.csproj", "{684D8488-741F-489C-8A90-C5DB16900F9A}"
EndProject
Project("{9A19103F-16F7-4668-BE54-9A1E7A4F7556}") = "ICloneableExample", "ICloneableExample\ICloneableExample.csproj", "{74CC13C4-8614-4A8E-8224-A1A511A96B76}"
EndProject
Project("{9A19103F-16F7-4668-BE54-9A1E7A4F7556}") = "UsingStatement", "UsingStatement\UsingStatement.csproj", "{50F93EA6-3107-4443-851F-4380490BE87E}"
EndProject
Project("{9A19103F-16F7-4668-BE54-9A1E7A4F7556}") = "ISerializableExample", "ISerializableExample\ISerializableExample.csproj", "{D7F67D8C-698F-4128-8BD9-8A14DB29AAA8}"
EndProject
Project("{2150E333-8FDC-42A3-9474-1A3956D46DE8}") = "SOLIDPrinciples", "SOLIDPrinciples", "{623A0848-4C21-4E00-AD1E-3AB00A3DCDB7}"
EndProject
Project("{2150E333-8FDC-42A3-9474-1A3956D46DE8}") = "Web", "Web", "{A7F66A63-F2B1-4DB4-8111-20D62E44C131}"
EndProject
Project("{9A19103F-16F7-4668-BE54-9A1E7A4F7556}") = "Learning.Web", "Learning.Web\Learning.Web.csproj", "{F0693221-8914-4DA0-84C4-A57F2C082AF2}"
EndProject
Project("{9A19103F-16F7-4668-BE54-9A1E7A4F7556}") = "BowlingBall", "BowlingBall\BowlingBall.csproj", "{E7324380-99B5-44DF-91A6-7B9E408E1009}"
EndProject
Project("{2150E333-8FDC-42A3-9474-1A3956D46DE8}") = "Algorithms", "Algorithms", "{681D3D0F-1450-4272-8462-B2333CDAD1B0}"
EndProject
Project("{2150E333-8FDC-42A3-9474-1A3956D46DE8}") = "Sorting", "Sorting", "{1FE2E487-D8EF-4254-9E53-EF95F550DD70}"
EndProject
Project("{9A19103F-16F7-4668-BE54-9A1E7A4F7556}") = "BubbleSort", "Algorithm\Sorting\BubbleSort\BubbleSort.csproj", "{DB86858C-FCB2-445E-83DA-12F8464DDD16}"
EndProject
Project("{9A19103F-16F7-4668-BE54-9A1E7A4F7556}") = "InsertionSort", "Algorithm\Sorting\InsertionSort\InsertionSort.csproj", "{6D96A9D0-DA74-48B0-B83B-E9F3BDFDE939}"
EndProject
Project("{9A19103F-16F7-4668-BE54-9A1E7A4F7556}") = "SelectionSort", "Algorithm\Sorting\SelectionSort\SelectionSort.csproj", "{EA482BC8-0D97-492E-B37A-CC8DB46016D1}"
EndProject
Project("{2150E333-8FDC-42A3-9474-1A3956D46DE8}") = "DesignPatterns", "DesignPatterns", "{15380703-9D01-45D0-9D51-225590DA85DA}"
EndProject
Project("{9A19103F-16F7-4668-BE54-9A1E7A4F7556}") = "BuilderDesignPattern", "DesignPatterns\BuilderDesignPattern\BuilderDesignPattern.csproj", "{38B38388-0B45-4510-922C-80F30E335320}"
EndProject
Project("{9A19103F-16F7-4668-BE54-9A1E7A4F7556}") = "FactoryDesignPattern", "DesignPatterns\FactoryDesignPattern\FactoryDesignPattern.csproj", "{B7DD88F1-131A-4DAB-A021-230FB03B31A9}"
EndProject
Project("{9A19103F-16F7-4668-BE54-9A1E7A4F7556}") = "ProxyDesignPattern", "DesignPatterns\ProxyDesignPattern\ProxyDesignPattern.csproj", "{4093D7A2-605E-4A35-9ECE-DE91FE11ED1E}"
EndProject
Project("{9A19103F-16F7-4668-BE54-9A1E7A4F7556}") = "RegularFactoryPattern", "DesignPatterns\RegularFactoryPatern\RegularFactoryPattern.csproj", "{87CB3A4A-3F25-48B9-B455-8AA1F89E7BD1}"
EndProject
Project("{9A19103F-16F7-4668-BE54-9A1E7A4F7556}") = "SingletonExample", "DesignPatterns\SingletonExample\SingletonExample.csproj", "{198184BF-9B18-43D9-B8A7-68E6925D12B5}"
EndProject
Project("{9A19103F-16F7-4668-BE54-9A1E7A4F7556}") = "DependencyInversion", "SOLIDPrinciples\DependencyInversion\DependencyInversion.csproj", "{AE268E2D-C83D-4E40-8064-0790470EC8A2}"
EndProject
Project("{9A19103F-16F7-4668-BE54-9A1E7A4F7556}") = "InterfaceSegregation", "SOLIDPrinciples\InterfaceSegregation\InterfaceSegregation.csproj", "{0E1CE38A-3B40-4550-9974-6C9C60F44119}"
EndProject
Project("{9A19103F-16F7-4668-BE54-9A1E7A4F7556}") = "OpenClose", "SOLIDPrinciples\OpenClose\OpenClose.csproj", "{1F820D60-1984-4BEA-8310-3CCE95591481}"
EndProject
Project("{9A19103F-16F7-4668-BE54-9A1E7A4F7556}") = "SingleResponsibility", "SOLIDPrinciples\SingleResponsibility\SingleResponsibility.csproj", "{B0155967-D593-4087-862D-20007CAD9184}"
EndProject
Project("{2150E333-8FDC-42A3-9474-1A3956D46DE8}") = "Advance", "Advance", "{334D0B90-8020-44E8-B04F-76BE255BFAEC}"
EndProject
Project("{FAE04EC0-301F-11D3-BF4B-00C04F79EFBC}") = "LinqSamples", "LinqSamples\LinqSamples.csproj", "{54156179-A4EE-4CD9-A075-887F14F2B9C8}"
EndProject
Global
	GlobalSection(SolutionConfigurationPlatforms) = preSolution
		Debug|Any CPU = Debug|Any CPU
		Release|Any CPU = Release|Any CPU
	EndGlobalSection
	GlobalSection(ProjectConfigurationPlatforms) = postSolution
		{6E02684D-8070-4FA1-801F-0B40F0380B28}.Debug|Any CPU.ActiveCfg = Debug|Any CPU
		{6E02684D-8070-4FA1-801F-0B40F0380B28}.Debug|Any CPU.Build.0 = Debug|Any CPU
		{6E02684D-8070-4FA1-801F-0B40F0380B28}.Release|Any CPU.ActiveCfg = Release|Any CPU
		{6E02684D-8070-4FA1-801F-0B40F0380B28}.Release|Any CPU.Build.0 = Release|Any CPU
		{F21DA012-8105-4378-BB26-52F9B1120A8A}.Debug|Any CPU.ActiveCfg = Debug|Any CPU
		{F21DA012-8105-4378-BB26-52F9B1120A8A}.Debug|Any CPU.Build.0 = Debug|Any CPU
		{F21DA012-8105-4378-BB26-52F9B1120A8A}.Release|Any CPU.ActiveCfg = Release|Any CPU
		{F21DA012-8105-4378-BB26-52F9B1120A8A}.Release|Any CPU.Build.0 = Release|Any CPU
		{B68111B5-BC6D-4398-90FE-E203319ACD3E}.Debug|Any CPU.ActiveCfg = Debug|Any CPU
		{B68111B5-BC6D-4398-90FE-E203319ACD3E}.Debug|Any CPU.Build.0 = Debug|Any CPU
		{B68111B5-BC6D-4398-90FE-E203319ACD3E}.Release|Any CPU.ActiveCfg = Release|Any CPU
		{B68111B5-BC6D-4398-90FE-E203319ACD3E}.Release|Any CPU.Build.0 = Release|Any CPU
		{6DF13A22-0CCC-4449-852B-0992552161BF}.Debug|Any CPU.ActiveCfg = Debug|Any CPU
		{6DF13A22-0CCC-4449-852B-0992552161BF}.Debug|Any CPU.Build.0 = Debug|Any CPU
		{6DF13A22-0CCC-4449-852B-0992552161BF}.Release|Any CPU.ActiveCfg = Release|Any CPU
		{6DF13A22-0CCC-4449-852B-0992552161BF}.Release|Any CPU.Build.0 = Release|Any CPU
		{B11C1C5F-FDAD-427C-9C3A-FC800D1A8088}.Debug|Any CPU.ActiveCfg = Debug|Any CPU
		{B11C1C5F-FDAD-427C-9C3A-FC800D1A8088}.Debug|Any CPU.Build.0 = Debug|Any CPU
		{B11C1C5F-FDAD-427C-9C3A-FC800D1A8088}.Release|Any CPU.ActiveCfg = Release|Any CPU
		{B11C1C5F-FDAD-427C-9C3A-FC800D1A8088}.Release|Any CPU.Build.0 = Release|Any CPU
		{213D49C2-C1A2-4251-97E4-3E5FA8F86E08}.Debug|Any CPU.ActiveCfg = Debug|Any CPU
		{213D49C2-C1A2-4251-97E4-3E5FA8F86E08}.Debug|Any CPU.Build.0 = Debug|Any CPU
		{213D49C2-C1A2-4251-97E4-3E5FA8F86E08}.Release|Any CPU.ActiveCfg = Release|Any CPU
		{213D49C2-C1A2-4251-97E4-3E5FA8F86E08}.Release|Any CPU.Build.0 = Release|Any CPU
		{5744EEA2-19C2-40E2-AA56-DFAD75A7A2B6}.Debug|Any CPU.ActiveCfg = Debug|Any CPU
		{5744EEA2-19C2-40E2-AA56-DFAD75A7A2B6}.Debug|Any CPU.Build.0 = Debug|Any CPU
		{5744EEA2-19C2-40E2-AA56-DFAD75A7A2B6}.Release|Any CPU.ActiveCfg = Release|Any CPU
		{5744EEA2-19C2-40E2-AA56-DFAD75A7A2B6}.Release|Any CPU.Build.0 = Release|Any CPU
		{1FD94730-4D7C-4F2C-A894-7F6E447121A8}.Debug|Any CPU.ActiveCfg = Debug|Any CPU
		{1FD94730-4D7C-4F2C-A894-7F6E447121A8}.Debug|Any CPU.Build.0 = Debug|Any CPU
		{1FD94730-4D7C-4F2C-A894-7F6E447121A8}.Release|Any CPU.ActiveCfg = Release|Any CPU
		{1FD94730-4D7C-4F2C-A894-7F6E447121A8}.Release|Any CPU.Build.0 = Release|Any CPU
		{B077C5B6-7DF3-4814-B0E9-7513570BE300}.Debug|Any CPU.ActiveCfg = Debug|Any CPU
		{B077C5B6-7DF3-4814-B0E9-7513570BE300}.Debug|Any CPU.Build.0 = Debug|Any CPU
		{B077C5B6-7DF3-4814-B0E9-7513570BE300}.Release|Any CPU.ActiveCfg = Release|Any CPU
		{B077C5B6-7DF3-4814-B0E9-7513570BE300}.Release|Any CPU.Build.0 = Release|Any CPU
		{684D8488-741F-489C-8A90-C5DB16900F9A}.Debug|Any CPU.ActiveCfg = Debug|Any CPU
		{684D8488-741F-489C-8A90-C5DB16900F9A}.Debug|Any CPU.Build.0 = Debug|Any CPU
		{684D8488-741F-489C-8A90-C5DB16900F9A}.Release|Any CPU.ActiveCfg = Release|Any CPU
		{684D8488-741F-489C-8A90-C5DB16900F9A}.Release|Any CPU.Build.0 = Release|Any CPU
		{74CC13C4-8614-4A8E-8224-A1A511A96B76}.Debug|Any CPU.ActiveCfg = Debug|Any CPU
		{74CC13C4-8614-4A8E-8224-A1A511A96B76}.Debug|Any CPU.Build.0 = Debug|Any CPU
		{74CC13C4-8614-4A8E-8224-A1A511A96B76}.Release|Any CPU.ActiveCfg = Release|Any CPU
		{74CC13C4-8614-4A8E-8224-A1A511A96B76}.Release|Any CPU.Build.0 = Release|Any CPU
		{50F93EA6-3107-4443-851F-4380490BE87E}.Debug|Any CPU.ActiveCfg = Debug|Any CPU
		{50F93EA6-3107-4443-851F-4380490BE87E}.Debug|Any CPU.Build.0 = Debug|Any CPU
		{50F93EA6-3107-4443-851F-4380490BE87E}.Release|Any CPU.ActiveCfg = Release|Any CPU
		{50F93EA6-3107-4443-851F-4380490BE87E}.Release|Any CPU.Build.0 = Release|Any CPU
		{D7F67D8C-698F-4128-8BD9-8A14DB29AAA8}.Debug|Any CPU.ActiveCfg = Debug|Any CPU
		{D7F67D8C-698F-4128-8BD9-8A14DB29AAA8}.Debug|Any CPU.Build.0 = Debug|Any CPU
		{D7F67D8C-698F-4128-8BD9-8A14DB29AAA8}.Release|Any CPU.ActiveCfg = Release|Any CPU
		{D7F67D8C-698F-4128-8BD9-8A14DB29AAA8}.Release|Any CPU.Build.0 = Release|Any CPU
		{F0693221-8914-4DA0-84C4-A57F2C082AF2}.Debug|Any CPU.ActiveCfg = Debug|Any CPU
		{F0693221-8914-4DA0-84C4-A57F2C082AF2}.Debug|Any CPU.Build.0 = Debug|Any CPU
		{F0693221-8914-4DA0-84C4-A57F2C082AF2}.Release|Any CPU.ActiveCfg = Release|Any CPU
		{F0693221-8914-4DA0-84C4-A57F2C082AF2}.Release|Any CPU.Build.0 = Release|Any CPU
		{E7324380-99B5-44DF-91A6-7B9E408E1009}.Debug|Any CPU.ActiveCfg = Debug|Any CPU
		{E7324380-99B5-44DF-91A6-7B9E408E1009}.Debug|Any CPU.Build.0 = Debug|Any CPU
		{E7324380-99B5-44DF-91A6-7B9E408E1009}.Release|Any CPU.ActiveCfg = Release|Any CPU
		{E7324380-99B5-44DF-91A6-7B9E408E1009}.Release|Any CPU.Build.0 = Release|Any CPU
		{DB86858C-FCB2-445E-83DA-12F8464DDD16}.Debug|Any CPU.ActiveCfg = Debug|Any CPU
		{DB86858C-FCB2-445E-83DA-12F8464DDD16}.Debug|Any CPU.Build.0 = Debug|Any CPU
		{DB86858C-FCB2-445E-83DA-12F8464DDD16}.Release|Any CPU.ActiveCfg = Release|Any CPU
		{DB86858C-FCB2-445E-83DA-12F8464DDD16}.Release|Any CPU.Build.0 = Release|Any CPU
		{6D96A9D0-DA74-48B0-B83B-E9F3BDFDE939}.Debug|Any CPU.ActiveCfg = Debug|Any CPU
		{6D96A9D0-DA74-48B0-B83B-E9F3BDFDE939}.Debug|Any CPU.Build.0 = Debug|Any CPU
		{6D96A9D0-DA74-48B0-B83B-E9F3BDFDE939}.Release|Any CPU.ActiveCfg = Release|Any CPU
		{6D96A9D0-DA74-48B0-B83B-E9F3BDFDE939}.Release|Any CPU.Build.0 = Release|Any CPU
		{EA482BC8-0D97-492E-B37A-CC8DB46016D1}.Debug|Any CPU.ActiveCfg = Debug|Any CPU
		{EA482BC8-0D97-492E-B37A-CC8DB46016D1}.Debug|Any CPU.Build.0 = Debug|Any CPU
		{EA482BC8-0D97-492E-B37A-CC8DB46016D1}.Release|Any CPU.ActiveCfg = Release|Any CPU
		{EA482BC8-0D97-492E-B37A-CC8DB46016D1}.Release|Any CPU.Build.0 = Release|Any CPU
		{38B38388-0B45-4510-922C-80F30E335320}.Debug|Any CPU.ActiveCfg = Debug|Any CPU
		{38B38388-0B45-4510-922C-80F30E335320}.Debug|Any CPU.Build.0 = Debug|Any CPU
		{38B38388-0B45-4510-922C-80F30E335320}.Release|Any CPU.ActiveCfg = Release|Any CPU
		{38B38388-0B45-4510-922C-80F30E335320}.Release|Any CPU.Build.0 = Release|Any CPU
		{B7DD88F1-131A-4DAB-A021-230FB03B31A9}.Debug|Any CPU.ActiveCfg = Debug|Any CPU
		{B7DD88F1-131A-4DAB-A021-230FB03B31A9}.Debug|Any CPU.Build.0 = Debug|Any CPU
		{B7DD88F1-131A-4DAB-A021-230FB03B31A9}.Release|Any CPU.ActiveCfg = Release|Any CPU
		{B7DD88F1-131A-4DAB-A021-230FB03B31A9}.Release|Any CPU.Build.0 = Release|Any CPU
		{4093D7A2-605E-4A35-9ECE-DE91FE11ED1E}.Debug|Any CPU.ActiveCfg = Debug|Any CPU
		{4093D7A2-605E-4A35-9ECE-DE91FE11ED1E}.Debug|Any CPU.Build.0 = Debug|Any CPU
		{4093D7A2-605E-4A35-9ECE-DE91FE11ED1E}.Release|Any CPU.ActiveCfg = Release|Any CPU
		{4093D7A2-605E-4A35-9ECE-DE91FE11ED1E}.Release|Any CPU.Build.0 = Release|Any CPU
		{87CB3A4A-3F25-48B9-B455-8AA1F89E7BD1}.Debug|Any CPU.ActiveCfg = Debug|Any CPU
		{87CB3A4A-3F25-48B9-B455-8AA1F89E7BD1}.Debug|Any CPU.Build.0 = Debug|Any CPU
		{87CB3A4A-3F25-48B9-B455-8AA1F89E7BD1}.Release|Any CPU.ActiveCfg = Release|Any CPU
		{87CB3A4A-3F25-48B9-B455-8AA1F89E7BD1}.Release|Any CPU.Build.0 = Release|Any CPU
		{198184BF-9B18-43D9-B8A7-68E6925D12B5}.Debug|Any CPU.ActiveCfg = Debug|Any CPU
		{198184BF-9B18-43D9-B8A7-68E6925D12B5}.Debug|Any CPU.Build.0 = Debug|Any CPU
		{198184BF-9B18-43D9-B8A7-68E6925D12B5}.Release|Any CPU.ActiveCfg = Release|Any CPU
		{198184BF-9B18-43D9-B8A7-68E6925D12B5}.Release|Any CPU.Build.0 = Release|Any CPU
		{AE268E2D-C83D-4E40-8064-0790470EC8A2}.Debug|Any CPU.ActiveCfg = Debug|Any CPU
		{AE268E2D-C83D-4E40-8064-0790470EC8A2}.Debug|Any CPU.Build.0 = Debug|Any CPU
		{AE268E2D-C83D-4E40-8064-0790470EC8A2}.Release|Any CPU.ActiveCfg = Release|Any CPU
		{AE268E2D-C83D-4E40-8064-0790470EC8A2}.Release|Any CPU.Build.0 = Release|Any CPU
		{0E1CE38A-3B40-4550-9974-6C9C60F44119}.Debug|Any CPU.ActiveCfg = Debug|Any CPU
		{0E1CE38A-3B40-4550-9974-6C9C60F44119}.Debug|Any CPU.Build.0 = Debug|Any CPU
		{0E1CE38A-3B40-4550-9974-6C9C60F44119}.Release|Any CPU.ActiveCfg = Release|Any CPU
		{0E1CE38A-3B40-4550-9974-6C9C60F44119}.Release|Any CPU.Build.0 = Release|Any CPU
		{1F820D60-1984-4BEA-8310-3CCE95591481}.Debug|Any CPU.ActiveCfg = Debug|Any CPU
		{1F820D60-1984-4BEA-8310-3CCE95591481}.Debug|Any CPU.Build.0 = Debug|Any CPU
		{1F820D60-1984-4BEA-8310-3CCE95591481}.Release|Any CPU.ActiveCfg = Release|Any CPU
		{1F820D60-1984-4BEA-8310-3CCE95591481}.Release|Any CPU.Build.0 = Release|Any CPU
		{B0155967-D593-4087-862D-20007CAD9184}.Debug|Any CPU.ActiveCfg = Debug|Any CPU
		{B0155967-D593-4087-862D-20007CAD9184}.Debug|Any CPU.Build.0 = Debug|Any CPU
		{B0155967-D593-4087-862D-20007CAD9184}.Release|Any CPU.ActiveCfg = Release|Any CPU
		{B0155967-D593-4087-862D-20007CAD9184}.Release|Any CPU.Build.0 = Release|Any CPU
		{54156179-A4EE-4CD9-A075-887F14F2B9C8}.Debug|Any CPU.ActiveCfg = Debug|Any CPU
		{54156179-A4EE-4CD9-A075-887F14F2B9C8}.Debug|Any CPU.Build.0 = Debug|Any CPU
		{54156179-A4EE-4CD9-A075-887F14F2B9C8}.Release|Any CPU.ActiveCfg = Release|Any CPU
		{54156179-A4EE-4CD9-A075-887F14F2B9C8}.Release|Any CPU.Build.0 = Release|Any CPU
	EndGlobalSection
	GlobalSection(SolutionProperties) = preSolution
		HideSolutionNode = FALSE
	EndGlobalSection
	GlobalSection(NestedProjects) = preSolution
		{F0693221-8914-4DA0-84C4-A57F2C082AF2} = {A7F66A63-F2B1-4DB4-8111-20D62E44C131}
		{1FE2E487-D8EF-4254-9E53-EF95F550DD70} = {681D3D0F-1450-4272-8462-B2333CDAD1B0}
		{DB86858C-FCB2-445E-83DA-12F8464DDD16} = {1FE2E487-D8EF-4254-9E53-EF95F550DD70}
		{6D96A9D0-DA74-48B0-B83B-E9F3BDFDE939} = {1FE2E487-D8EF-4254-9E53-EF95F550DD70}
		{EA482BC8-0D97-492E-B37A-CC8DB46016D1} = {1FE2E487-D8EF-4254-9E53-EF95F550DD70}
		{38B38388-0B45-4510-922C-80F30E335320} = {15380703-9D01-45D0-9D51-225590DA85DA}
		{B7DD88F1-131A-4DAB-A021-230FB03B31A9} = {15380703-9D01-45D0-9D51-225590DA85DA}
		{4093D7A2-605E-4A35-9ECE-DE91FE11ED1E} = {15380703-9D01-45D0-9D51-225590DA85DA}
		{87CB3A4A-3F25-48B9-B455-8AA1F89E7BD1} = {15380703-9D01-45D0-9D51-225590DA85DA}
		{198184BF-9B18-43D9-B8A7-68E6925D12B5} = {15380703-9D01-45D0-9D51-225590DA85DA}
		{AE268E2D-C83D-4E40-8064-0790470EC8A2} = {623A0848-4C21-4E00-AD1E-3AB00A3DCDB7}
		{0E1CE38A-3B40-4550-9974-6C9C60F44119} = {623A0848-4C21-4E00-AD1E-3AB00A3DCDB7}
		{1F820D60-1984-4BEA-8310-3CCE95591481} = {623A0848-4C21-4E00-AD1E-3AB00A3DCDB7}
		{B0155967-D593-4087-862D-20007CAD9184} = {623A0848-4C21-4E00-AD1E-3AB00A3DCDB7}
		{334D0B90-8020-44E8-B04F-76BE255BFAEC} = {15380703-9D01-45D0-9D51-225590DA85DA}
	EndGlobalSection
	GlobalSection(ExtensibilityGlobals) = postSolution
		SolutionGuid = {83D217C8-FF90-4F2A-80EB-28FA84E43268}
	EndGlobalSection
EndGlobal
